// !$*UTF8*$!
{
	archiveVersion = 1;
	classes = {
	};
	objectVersion = 50;
	objects = {

/* Begin PBXBuildFile section */
		9418D988261D7C9000F58477 /* CardView.swift in Sources */ = {isa = PBXBuildFile; fileRef = 9418D987261D7C9000F58477 /* CardView.swift */; };
		9418D993261EAAC800F58477 /* NewPlaceView.swift in Sources */ = {isa = PBXBuildFile; fileRef = 9418D992261EAAC700F58477 /* NewPlaceView.swift */; };
		9418D998261EAC5100F58477 /* GradBackgroundAnimated.swift in Sources */ = {isa = PBXBuildFile; fileRef = 9418D997261EAC5100F58477 /* GradBackgroundAnimated.swift */; };
		9418D9A0261EBE0C00F58477 /* NewPlaceSequence.swift in Sources */ = {isa = PBXBuildFile; fileRef = 9418D99F261EBE0C00F58477 /* NewPlaceSequence.swift */; };
		9418D9C0262007E100F58477 /* HiddenExtension.swift in Sources */ = {isa = PBXBuildFile; fileRef = 9418D9BF262007E100F58477 /* HiddenExtension.swift */; };
		9418D9CC26215DC000F58477 /* NewPlaceViewModel.swift in Sources */ = {isa = PBXBuildFile; fileRef = 9418D9CB26215DC000F58477 /* NewPlaceViewModel.swift */; };
		948DE69E261AB8A300219982 /* ThereNoLoginApp.swift in Sources */ = {isa = PBXBuildFile; fileRef = 948DE69D261AB8A300219982 /* ThereNoLoginApp.swift */; };
		948DE6A2261AB8AB00219982 /* Assets.xcassets in Resources */ = {isa = PBXBuildFile; fileRef = 948DE6A1261AB8AB00219982 /* Assets.xcassets */; };
		948DE6A5261AB8AB00219982 /* Preview Assets.xcassets in Resources */ = {isa = PBXBuildFile; fileRef = 948DE6A4261AB8AB00219982 /* Preview Assets.xcassets */; };
		948DE6B0261AB8AC00219982 /* ThereNoLoginTests.swift in Sources */ = {isa = PBXBuildFile; fileRef = 948DE6AF261AB8AC00219982 /* ThereNoLoginTests.swift */; };
		948DE6BB261AB8AC00219982 /* ThereNoLoginUITests.swift in Sources */ = {isa = PBXBuildFile; fileRef = 948DE6BA261AB8AC00219982 /* ThereNoLoginUITests.swift */; };
		948DE6CD261AB90300219982 /* BeenWantView.swift in Sources */ = {isa = PBXBuildFile; fileRef = 948DE6CC261AB90300219982 /* BeenWantView.swift */; };
		948DE6D6261ABB8A00219982 /* TherePlace.swift in Sources */ = {isa = PBXBuildFile; fileRef = 948DE6D5261ABB8A00219982 /* TherePlace.swift */; };
		948DE6E0261AC03B00219982 /* BeenWantData2.json in Resources */ = {isa = PBXBuildFile; fileRef = 948DE6DF261AC03B00219982 /* BeenWantData2.json */; };
		948DE6E8261AC1B000219982 /* User.swift in Sources */ = {isa = PBXBuildFile; fileRef = 948DE6E7261AC1B000219982 /* User.swift */; };
		948DE6ED261AC57F00219982 /* TherePlaceViewModel.swift in Sources */ = {isa = PBXBuildFile; fileRef = 948DE6EC261AC57F00219982 /* TherePlaceViewModel.swift */; };
		948DE6F2261ACAAE00219982 /* PlaceView.swift in Sources */ = {isa = PBXBuildFile; fileRef = 948DE6F1261ACAAE00219982 /* PlaceView.swift */; };
		948DE6FA261B73C900219982 /* CardsGridView.swift in Sources */ = {isa = PBXBuildFile; fileRef = 948DE6F9261B73C900219982 /* CardsGridView.swift */; };
/* End PBXBuildFile section */

/* Begin PBXContainerItemProxy section */
		948DE6AC261AB8AC00219982 /* PBXContainerItemProxy */ = {
			isa = PBXContainerItemProxy;
			containerPortal = 948DE692261AB8A300219982 /* Project object */;
			proxyType = 1;
			remoteGlobalIDString = 948DE699261AB8A300219982;
			remoteInfo = ThereNoLogin;
		};
		948DE6B7261AB8AC00219982 /* PBXContainerItemProxy */ = {
			isa = PBXContainerItemProxy;
			containerPortal = 948DE692261AB8A300219982 /* Project object */;
			proxyType = 1;
			remoteGlobalIDString = 948DE699261AB8A300219982;
			remoteInfo = ThereNoLogin;
		};
/* End PBXContainerItemProxy section */

/* Begin PBXFileReference section */
		9418D987261D7C9000F58477 /* CardView.swift */ = {isa = PBXFileReference; lastKnownFileType = sourcecode.swift; path = CardView.swift; sourceTree = "<group>"; };
		9418D992261EAAC700F58477 /* NewPlaceView.swift */ = {isa = PBXFileReference; lastKnownFileType = sourcecode.swift; path = NewPlaceView.swift; sourceTree = "<group>"; };
		9418D997261EAC5100F58477 /* GradBackgroundAnimated.swift */ = {isa = PBXFileReference; lastKnownFileType = sourcecode.swift; path = GradBackgroundAnimated.swift; sourceTree = "<group>"; };
		9418D99F261EBE0C00F58477 /* NewPlaceSequence.swift */ = {isa = PBXFileReference; lastKnownFileType = sourcecode.swift; path = NewPlaceSequence.swift; sourceTree = "<group>"; };
		9418D9BF262007E100F58477 /* HiddenExtension.swift */ = {isa = PBXFileReference; lastKnownFileType = sourcecode.swift; path = HiddenExtension.swift; sourceTree = "<group>"; };
		9418D9CB26215DC000F58477 /* NewPlaceViewModel.swift */ = {isa = PBXFileReference; lastKnownFileType = sourcecode.swift; path = NewPlaceViewModel.swift; sourceTree = "<group>"; };
		948DE69A261AB8A300219982 /* ThereNoLogin.app */ = {isa = PBXFileReference; explicitFileType = wrapper.application; includeInIndex = 0; path = ThereNoLogin.app; sourceTree = BUILT_PRODUCTS_DIR; };
		948DE69D261AB8A300219982 /* ThereNoLoginApp.swift */ = {isa = PBXFileReference; lastKnownFileType = sourcecode.swift; path = ThereNoLoginApp.swift; sourceTree = "<group>"; };
		948DE6A1261AB8AB00219982 /* Assets.xcassets */ = {isa = PBXFileReference; lastKnownFileType = folder.assetcatalog; path = Assets.xcassets; sourceTree = "<group>"; };
		948DE6A4261AB8AB00219982 /* Preview Assets.xcassets */ = {isa = PBXFileReference; lastKnownFileType = folder.assetcatalog; path = "Preview Assets.xcassets"; sourceTree = "<group>"; };
		948DE6A6261AB8AB00219982 /* Info.plist */ = {isa = PBXFileReference; lastKnownFileType = text.plist.xml; path = Info.plist; sourceTree = "<group>"; };
		948DE6AB261AB8AC00219982 /* ThereNoLoginTests.xctest */ = {isa = PBXFileReference; explicitFileType = wrapper.cfbundle; includeInIndex = 0; path = ThereNoLoginTests.xctest; sourceTree = BUILT_PRODUCTS_DIR; };
		948DE6AF261AB8AC00219982 /* ThereNoLoginTests.swift */ = {isa = PBXFileReference; lastKnownFileType = sourcecode.swift; path = ThereNoLoginTests.swift; sourceTree = "<group>"; };
		948DE6B1261AB8AC00219982 /* Info.plist */ = {isa = PBXFileReference; lastKnownFileType = text.plist.xml; path = Info.plist; sourceTree = "<group>"; };
		948DE6B6261AB8AC00219982 /* ThereNoLoginUITests.xctest */ = {isa = PBXFileReference; explicitFileType = wrapper.cfbundle; includeInIndex = 0; path = ThereNoLoginUITests.xctest; sourceTree = BUILT_PRODUCTS_DIR; };
		948DE6BA261AB8AC00219982 /* ThereNoLoginUITests.swift */ = {isa = PBXFileReference; lastKnownFileType = sourcecode.swift; path = ThereNoLoginUITests.swift; sourceTree = "<group>"; };
		948DE6BC261AB8AC00219982 /* Info.plist */ = {isa = PBXFileReference; lastKnownFileType = text.plist.xml; path = Info.plist; sourceTree = "<group>"; };
		948DE6CC261AB90300219982 /* BeenWantView.swift */ = {isa = PBXFileReference; lastKnownFileType = sourcecode.swift; path = BeenWantView.swift; sourceTree = "<group>"; };
		948DE6D5261ABB8A00219982 /* TherePlace.swift */ = {isa = PBXFileReference; lastKnownFileType = sourcecode.swift; path = TherePlace.swift; sourceTree = "<group>"; };
		948DE6DF261AC03B00219982 /* BeenWantData2.json */ = {isa = PBXFileReference; lastKnownFileType = text.json; path = BeenWantData2.json; sourceTree = "<group>"; };
		948DE6E7261AC1B000219982 /* User.swift */ = {isa = PBXFileReference; lastKnownFileType = sourcecode.swift; path = User.swift; sourceTree = "<group>"; };
		948DE6EC261AC57F00219982 /* TherePlaceViewModel.swift */ = {isa = PBXFileReference; lastKnownFileType = sourcecode.swift; path = TherePlaceViewModel.swift; sourceTree = "<group>"; };
		948DE6F1261ACAAE00219982 /* PlaceView.swift */ = {isa = PBXFileReference; lastKnownFileType = sourcecode.swift; path = PlaceView.swift; sourceTree = "<group>"; };
		948DE6F9261B73C900219982 /* CardsGridView.swift */ = {isa = PBXFileReference; lastKnownFileType = sourcecode.swift; path = CardsGridView.swift; sourceTree = "<group>"; };
/* End PBXFileReference section */

/* Begin PBXFrameworksBuildPhase section */
		948DE697261AB8A300219982 /* Frameworks */ = {
			isa = PBXFrameworksBuildPhase;
			buildActionMask = 2147483647;
			files = (
			);
			runOnlyForDeploymentPostprocessing = 0;
		};
		948DE6A8261AB8AC00219982 /* Frameworks */ = {
			isa = PBXFrameworksBuildPhase;
			buildActionMask = 2147483647;
			files = (
			);
			runOnlyForDeploymentPostprocessing = 0;
		};
		948DE6B3261AB8AC00219982 /* Frameworks */ = {
			isa = PBXFrameworksBuildPhase;
			buildActionMask = 2147483647;
			files = (
			);
			runOnlyForDeploymentPostprocessing = 0;
		};
/* End PBXFrameworksBuildPhase section */

/* Begin PBXGroup section */
		9418D9A4261EBE1400F58477 /* New Place Sequence */ = {
			isa = PBXGroup;
			children = (
				9418D99F261EBE0C00F58477 /* NewPlaceSequence.swift */,
				9418D992261EAAC700F58477 /* NewPlaceView.swift */,
			);
			path = "New Place Sequence";
			sourceTree = "<group>";
		};
		9418D9A8261EBE4400F58477 /* Animations_Backgrounds */ = {
			isa = PBXGroup;
			children = (
				9418D997261EAC5100F58477 /* GradBackgroundAnimated.swift */,
			);
			path = Animations_Backgrounds;
			sourceTree = "<group>";
		};
		9418D9A9261EBE6300F58477 /* BeenWantViews */ = {
			isa = PBXGroup;
			children = (
				948DE6CC261AB90300219982 /* BeenWantView.swift */,
				948DE6F9261B73C900219982 /* CardsGridView.swift */,
				9418D987261D7C9000F58477 /* CardView.swift */,
			);
			path = BeenWantViews;
			sourceTree = "<group>";
		};
		9418D9B0261EBED000F58477 /* PlaceViews */ = {
			isa = PBXGroup;
			children = (
				948DE6F1261ACAAE00219982 /* PlaceView.swift */,
			);
			path = PlaceViews;
			sourceTree = "<group>";
		};
		9418D9C42620090400F58477 /* Extensions */ = {
			isa = PBXGroup;
			children = (
				9418D9BF262007E100F58477 /* HiddenExtension.swift */,
			);
			path = Extensions;
			sourceTree = "<group>";
		};
		948DE691261AB8A300219982 = {
			isa = PBXGroup;
			children = (
				948DE69C261AB8A300219982 /* ThereNoLogin */,
				948DE6AE261AB8AC00219982 /* ThereNoLoginTests */,
				948DE6B9261AB8AC00219982 /* ThereNoLoginUITests */,
				948DE69B261AB8A300219982 /* Products */,
			);
			sourceTree = "<group>";
		};
		948DE69B261AB8A300219982 /* Products */ = {
			isa = PBXGroup;
			children = (
				948DE69A261AB8A300219982 /* ThereNoLogin.app */,
				948DE6AB261AB8AC00219982 /* ThereNoLoginTests.xctest */,
				948DE6B6261AB8AC00219982 /* ThereNoLoginUITests.xctest */,
			);
			name = Products;
			sourceTree = "<group>";
		};
		948DE69C261AB8A300219982 /* ThereNoLogin */ = {
			isa = PBXGroup;
			children = (
				948DE69D261AB8A300219982 /* ThereNoLoginApp.swift */,
				948DE6CB261AB8DC00219982 /* Views */,
				948DE6D3261ABB1100219982 /* ViewModels */,
				948DE6D4261ABB1A00219982 /* Models */,
				948DE6D1261ABAEB00219982 /* Data */,
				948DE6D2261ABAF300219982 /* Assets */,
				948DE6A6261AB8AB00219982 /* Info.plist */,
				948DE6A3261AB8AB00219982 /* Preview Content */,
			);
			path = ThereNoLogin;
			sourceTree = "<group>";
		};
		948DE6A3261AB8AB00219982 /* Preview Content */ = {
			isa = PBXGroup;
			children = (
				948DE6A4261AB8AB00219982 /* Preview Assets.xcassets */,
			);
			path = "Preview Content";
			sourceTree = "<group>";
		};
		948DE6AE261AB8AC00219982 /* ThereNoLoginTests */ = {
			isa = PBXGroup;
			children = (
				948DE6AF261AB8AC00219982 /* ThereNoLoginTests.swift */,
				948DE6B1261AB8AC00219982 /* Info.plist */,
			);
			path = ThereNoLoginTests;
			sourceTree = "<group>";
		};
		948DE6B9261AB8AC00219982 /* ThereNoLoginUITests */ = {
			isa = PBXGroup;
			children = (
				948DE6BA261AB8AC00219982 /* ThereNoLoginUITests.swift */,
				948DE6BC261AB8AC00219982 /* Info.plist */,
			);
			path = ThereNoLoginUITests;
			sourceTree = "<group>";
		};
		948DE6CB261AB8DC00219982 /* Views */ = {
			isa = PBXGroup;
			children = (
				9418D9B0261EBED000F58477 /* PlaceViews */,
				9418D9A9261EBE6300F58477 /* BeenWantViews */,
				9418D9A8261EBE4400F58477 /* Animations_Backgrounds */,
				9418D9A4261EBE1400F58477 /* New Place Sequence */,
			);
			path = Views;
			sourceTree = "<group>";
		};
		948DE6D1261ABAEB00219982 /* Data */ = {
			isa = PBXGroup;
			children = (
				948DE6DF261AC03B00219982 /* BeenWantData2.json */,
			);
			path = Data;
			sourceTree = "<group>";
		};
		948DE6D2261ABAF300219982 /* Assets */ = {
			isa = PBXGroup;
			children = (
				948DE6A1261AB8AB00219982 /* Assets.xcassets */,
			);
			path = Assets;
			sourceTree = "<group>";
		};
		948DE6D3261ABB1100219982 /* ViewModels */ = {
			isa = PBXGroup;
			children = (
				9418D9CB26215DC000F58477 /* NewPlaceViewModel.swift */,
				948DE6EC261AC57F00219982 /* TherePlaceViewModel.swift */,
			);
			path = ViewModels;
			sourceTree = "<group>";
		};
		948DE6D4261ABB1A00219982 /* Models */ = {
			isa = PBXGroup;
			children = (
				9418D9C42620090400F58477 /* Extensions */,
				948DE6D5261ABB8A00219982 /* TherePlace.swift */,
				948DE6E7261AC1B000219982 /* User.swift */,
			);
			path = Models;
			sourceTree = "<group>";
		};
/* End PBXGroup section */

/* Begin PBXNativeTarget section */
		948DE699261AB8A300219982 /* ThereNoLogin */ = {
			isa = PBXNativeTarget;
			buildConfigurationList = 948DE6BF261AB8AC00219982 /* Build configuration list for PBXNativeTarget "ThereNoLogin" */;
			buildPhases = (
				948DE696261AB8A300219982 /* Sources */,
				948DE697261AB8A300219982 /* Frameworks */,
				948DE698261AB8A300219982 /* Resources */,
			);
			buildRules = (
			);
			dependencies = (
			);
			name = ThereNoLogin;
			productName = ThereNoLogin;
			productReference = 948DE69A261AB8A300219982 /* ThereNoLogin.app */;
			productType = "com.apple.product-type.application";
		};
		948DE6AA261AB8AC00219982 /* ThereNoLoginTests */ = {
			isa = PBXNativeTarget;
			buildConfigurationList = 948DE6C2261AB8AC00219982 /* Build configuration list for PBXNativeTarget "ThereNoLoginTests" */;
			buildPhases = (
				948DE6A7261AB8AC00219982 /* Sources */,
				948DE6A8261AB8AC00219982 /* Frameworks */,
				948DE6A9261AB8AC00219982 /* Resources */,
			);
			buildRules = (
			);
			dependencies = (
				948DE6AD261AB8AC00219982 /* PBXTargetDependency */,
			);
			name = ThereNoLoginTests;
			productName = ThereNoLoginTests;
			productReference = 948DE6AB261AB8AC00219982 /* ThereNoLoginTests.xctest */;
			productType = "com.apple.product-type.bundle.unit-test";
		};
		948DE6B5261AB8AC00219982 /* ThereNoLoginUITests */ = {
			isa = PBXNativeTarget;
			buildConfigurationList = 948DE6C5261AB8AC00219982 /* Build configuration list for PBXNativeTarget "ThereNoLoginUITests" */;
			buildPhases = (
				948DE6B2261AB8AC00219982 /* Sources */,
				948DE6B3261AB8AC00219982 /* Frameworks */,
				948DE6B4261AB8AC00219982 /* Resources */,
			);
			buildRules = (
			);
			dependencies = (
				948DE6B8261AB8AC00219982 /* PBXTargetDependency */,
			);
			name = ThereNoLoginUITests;
			productName = ThereNoLoginUITests;
			productReference = 948DE6B6261AB8AC00219982 /* ThereNoLoginUITests.xctest */;
			productType = "com.apple.product-type.bundle.ui-testing";
		};
/* End PBXNativeTarget section */

/* Begin PBXProject section */
		948DE692261AB8A300219982 /* Project object */ = {
			isa = PBXProject;
			attributes = {
				LastSwiftUpdateCheck = 1240;
				LastUpgradeCheck = 1240;
				TargetAttributes = {
					948DE699261AB8A300219982 = {
						CreatedOnToolsVersion = 12.4;
					};
					948DE6AA261AB8AC00219982 = {
						CreatedOnToolsVersion = 12.4;
						TestTargetID = 948DE699261AB8A300219982;
					};
					948DE6B5261AB8AC00219982 = {
						CreatedOnToolsVersion = 12.4;
						TestTargetID = 948DE699261AB8A300219982;
					};
				};
			};
			buildConfigurationList = 948DE695261AB8A300219982 /* Build configuration list for PBXProject "ThereNoLogin" */;
			compatibilityVersion = "Xcode 9.3";
			developmentRegion = en;
			hasScannedForEncodings = 0;
			knownRegions = (
				en,
				Base,
			);
			mainGroup = 948DE691261AB8A300219982;
			productRefGroup = 948DE69B261AB8A300219982 /* Products */;
			projectDirPath = "";
			projectRoot = "";
			targets = (
				948DE699261AB8A300219982 /* ThereNoLogin */,
				948DE6AA261AB8AC00219982 /* ThereNoLoginTests */,
				948DE6B5261AB8AC00219982 /* ThereNoLoginUITests */,
			);
		};
/* End PBXProject section */

/* Begin PBXResourcesBuildPhase section */
		948DE698261AB8A300219982 /* Resources */ = {
			isa = PBXResourcesBuildPhase;
			buildActionMask = 2147483647;
			files = (
				948DE6A5261AB8AB00219982 /* Preview Assets.xcassets in Resources */,
				948DE6E0261AC03B00219982 /* BeenWantData2.json in Resources */,
				948DE6A2261AB8AB00219982 /* Assets.xcassets in Resources */,
			);
			runOnlyForDeploymentPostprocessing = 0;
		};
		948DE6A9261AB8AC00219982 /* Resources */ = {
			isa = PBXResourcesBuildPhase;
			buildActionMask = 2147483647;
			files = (
			);
			runOnlyForDeploymentPostprocessing = 0;
		};
		948DE6B4261AB8AC00219982 /* Resources */ = {
			isa = PBXResourcesBuildPhase;
			buildActionMask = 2147483647;
			files = (
			);
			runOnlyForDeploymentPostprocessing = 0;
		};
/* End PBXResourcesBuildPhase section */

/* Begin PBXSourcesBuildPhase section */
		948DE696261AB8A300219982 /* Sources */ = {
			isa = PBXSourcesBuildPhase;
			buildActionMask = 2147483647;
			files = (
				948DE6D6261ABB8A00219982 /* TherePlace.swift in Sources */,
				948DE6FA261B73C900219982 /* CardsGridView.swift in Sources */,
				948DE6F2261ACAAE00219982 /* PlaceView.swift in Sources */,
				948DE6CD261AB90300219982 /* BeenWantView.swift in Sources */,
				9418D9A0261EBE0C00F58477 /* NewPlaceSequence.swift in Sources */,
				948DE6E8261AC1B000219982 /* User.swift in Sources */,
				948DE6ED261AC57F00219982 /* TherePlaceViewModel.swift in Sources */,
				9418D9CC26215DC000F58477 /* NewPlaceViewModel.swift in Sources */,
				9418D998261EAC5100F58477 /* GradBackgroundAnimated.swift in Sources */,
				9418D9C0262007E100F58477 /* HiddenExtension.swift in Sources */,
				9418D993261EAAC800F58477 /* NewPlaceView.swift in Sources */,
				9418D988261D7C9000F58477 /* CardView.swift in Sources */,
				948DE69E261AB8A300219982 /* ThereNoLoginApp.swift in Sources */,
			);
			runOnlyForDeploymentPostprocessing = 0;
		};
		948DE6A7261AB8AC00219982 /* Sources */ = {
			isa = PBXSourcesBuildPhase;
			buildActionMask = 2147483647;
			files = (
				948DE6B0261AB8AC00219982 /* ThereNoLoginTests.swift in Sources */,
			);
			runOnlyForDeploymentPostprocessing = 0;
		};
		948DE6B2261AB8AC00219982 /* Sources */ = {
			isa = PBXSourcesBuildPhase;
			buildActionMask = 2147483647;
			files = (
				948DE6BB261AB8AC00219982 /* ThereNoLoginUITests.swift in Sources */,
			);
			runOnlyForDeploymentPostprocessing = 0;
		};
/* End PBXSourcesBuildPhase section */

/* Begin PBXTargetDependency section */
		948DE6AD261AB8AC00219982 /* PBXTargetDependency */ = {
			isa = PBXTargetDependency;
			target = 948DE699261AB8A300219982 /* ThereNoLogin */;
			targetProxy = 948DE6AC261AB8AC00219982 /* PBXContainerItemProxy */;
		};
		948DE6B8261AB8AC00219982 /* PBXTargetDependency */ = {
			isa = PBXTargetDependency;
			target = 948DE699261AB8A300219982 /* ThereNoLogin */;
			targetProxy = 948DE6B7261AB8AC00219982 /* PBXContainerItemProxy */;
		};
/* End PBXTargetDependency section */

/* Begin XCBuildConfiguration section */
		948DE6BD261AB8AC00219982 /* Debug */ = {
			isa = XCBuildConfiguration;
			buildSettings = {
				ALWAYS_SEARCH_USER_PATHS = NO;
				CLANG_ANALYZER_NONNULL = YES;
				CLANG_ANALYZER_NUMBER_OBJECT_CONVERSION = YES_AGGRESSIVE;
				CLANG_CXX_LANGUAGE_STANDARD = "gnu++14";
				CLANG_CXX_LIBRARY = "libc++";
				CLANG_ENABLE_MODULES = YES;
				CLANG_ENABLE_OBJC_ARC = YES;
				CLANG_ENABLE_OBJC_WEAK = YES;
				CLANG_WARN_BLOCK_CAPTURE_AUTORELEASING = YES;
				CLANG_WARN_BOOL_CONVERSION = YES;
				CLANG_WARN_COMMA = YES;
				CLANG_WARN_CONSTANT_CONVERSION = YES;
				CLANG_WARN_DEPRECATED_OBJC_IMPLEMENTATIONS = YES;
				CLANG_WARN_DIRECT_OBJC_ISA_USAGE = YES_ERROR;
				CLANG_WARN_DOCUMENTATION_COMMENTS = YES;
				CLANG_WARN_EMPTY_BODY = YES;
				CLANG_WARN_ENUM_CONVERSION = YES;
				CLANG_WARN_INFINITE_RECURSION = YES;
				CLANG_WARN_INT_CONVERSION = YES;
				CLANG_WARN_NON_LITERAL_NULL_CONVERSION = YES;
				CLANG_WARN_OBJC_IMPLICIT_RETAIN_SELF = YES;
				CLANG_WARN_OBJC_LITERAL_CONVERSION = YES;
				CLANG_WARN_OBJC_ROOT_CLASS = YES_ERROR;
				CLANG_WARN_QUOTED_INCLUDE_IN_FRAMEWORK_HEADER = YES;
				CLANG_WARN_RANGE_LOOP_ANALYSIS = YES;
				CLANG_WARN_STRICT_PROTOTYPES = YES;
				CLANG_WARN_SUSPICIOUS_MOVE = YES;
				CLANG_WARN_UNGUARDED_AVAILABILITY = YES_AGGRESSIVE;
				CLANG_WARN_UNREACHABLE_CODE = YES;
				CLANG_WARN__DUPLICATE_METHOD_MATCH = YES;
				COPY_PHASE_STRIP = NO;
				DEBUG_INFORMATION_FORMAT = dwarf;
				ENABLE_STRICT_OBJC_MSGSEND = YES;
				ENABLE_TESTABILITY = YES;
				GCC_C_LANGUAGE_STANDARD = gnu11;
				GCC_DYNAMIC_NO_PIC = NO;
				GCC_NO_COMMON_BLOCKS = YES;
				GCC_OPTIMIZATION_LEVEL = 0;
				GCC_PREPROCESSOR_DEFINITIONS = (
					"DEBUG=1",
					"$(inherited)",
				);
				GCC_WARN_64_TO_32_BIT_CONVERSION = YES;
				GCC_WARN_ABOUT_RETURN_TYPE = YES_ERROR;
				GCC_WARN_UNDECLARED_SELECTOR = YES;
				GCC_WARN_UNINITIALIZED_AUTOS = YES_AGGRESSIVE;
				GCC_WARN_UNUSED_FUNCTION = YES;
				GCC_WARN_UNUSED_VARIABLE = YES;
				IPHONEOS_DEPLOYMENT_TARGET = 14.4;
				MTL_ENABLE_DEBUG_INFO = INCLUDE_SOURCE;
				MTL_FAST_MATH = YES;
				ONLY_ACTIVE_ARCH = YES;
				SDKROOT = iphoneos;
				SWIFT_ACTIVE_COMPILATION_CONDITIONS = DEBUG;
				SWIFT_OPTIMIZATION_LEVEL = "-Onone";
			};
			name = Debug;
		};
		948DE6BE261AB8AC00219982 /* Release */ = {
			isa = XCBuildConfiguration;
			buildSettings = {
				ALWAYS_SEARCH_USER_PATHS = NO;
				CLANG_ANALYZER_NONNULL = YES;
				CLANG_ANALYZER_NUMBER_OBJECT_CONVERSION = YES_AGGRESSIVE;
				CLANG_CXX_LANGUAGE_STANDARD = "gnu++14";
				CLANG_CXX_LIBRARY = "libc++";
				CLANG_ENABLE_MODULES = YES;
				CLANG_ENABLE_OBJC_ARC = YES;
				CLANG_ENABLE_OBJC_WEAK = YES;
				CLANG_WARN_BLOCK_CAPTURE_AUTORELEASING = YES;
				CLANG_WARN_BOOL_CONVERSION = YES;
				CLANG_WARN_COMMA = YES;
				CLANG_WARN_CONSTANT_CONVERSION = YES;
				CLANG_WARN_DEPRECATED_OBJC_IMPLEMENTATIONS = YES;
				CLANG_WARN_DIRECT_OBJC_ISA_USAGE = YES_ERROR;
				CLANG_WARN_DOCUMENTATION_COMMENTS = YES;
				CLANG_WARN_EMPTY_BODY = YES;
				CLANG_WARN_ENUM_CONVERSION = YES;
				CLANG_WARN_INFINITE_RECURSION = YES;
				CLANG_WARN_INT_CONVERSION = YES;
				CLANG_WARN_NON_LITERAL_NULL_CONVERSION = YES;
				CLANG_WARN_OBJC_IMPLICIT_RETAIN_SELF = YES;
				CLANG_WARN_OBJC_LITERAL_CONVERSION = YES;
				CLANG_WARN_OBJC_ROOT_CLASS = YES_ERROR;
				CLANG_WARN_QUOTED_INCLUDE_IN_FRAMEWORK_HEADER = YES;
				CLANG_WARN_RANGE_LOOP_ANALYSIS = YES;
				CLANG_WARN_STRICT_PROTOTYPES = YES;
				CLANG_WARN_SUSPICIOUS_MOVE = YES;
				CLANG_WARN_UNGUARDED_AVAILABILITY = YES_AGGRESSIVE;
				CLANG_WARN_UNREACHABLE_CODE = YES;
				CLANG_WARN__DUPLICATE_METHOD_MATCH = YES;
				COPY_PHASE_STRIP = NO;
				DEBUG_INFORMATION_FORMAT = "dwarf-with-dsym";
				ENABLE_NS_ASSERTIONS = NO;
				ENABLE_STRICT_OBJC_MSGSEND = YES;
				GCC_C_LANGUAGE_STANDARD = gnu11;
				GCC_NO_COMMON_BLOCKS = YES;
				GCC_WARN_64_TO_32_BIT_CONVERSION = YES;
				GCC_WARN_ABOUT_RETURN_TYPE = YES_ERROR;
				GCC_WARN_UNDECLARED_SELECTOR = YES;
				GCC_WARN_UNINITIALIZED_AUTOS = YES_AGGRESSIVE;
				GCC_WARN_UNUSED_FUNCTION = YES;
				GCC_WARN_UNUSED_VARIABLE = YES;
				IPHONEOS_DEPLOYMENT_TARGET = 14.4;
				MTL_ENABLE_DEBUG_INFO = NO;
				MTL_FAST_MATH = YES;
				SDKROOT = iphoneos;
				SWIFT_COMPILATION_MODE = wholemodule;
				SWIFT_OPTIMIZATION_LEVEL = "-O";
				VALIDATE_PRODUCT = YES;
			};
			name = Release;
		};
		948DE6C0261AB8AC00219982 /* Debug */ = {
			isa = XCBuildConfiguration;
			buildSettings = {
				ASSETCATALOG_COMPILER_APPICON_NAME = AppIcon;
				ASSETCATALOG_COMPILER_GLOBAL_ACCENT_COLOR_NAME = AccentColor;
				CODE_SIGN_STYLE = Automatic;
				DEVELOPMENT_ASSET_PATHS = "\"ThereNoLogin/Preview Content\"";
				DEVELOPMENT_TEAM = B99U4L7HU8;
				ENABLE_PREVIEWS = YES;
				INFOPLIST_FILE = ThereNoLogin/Info.plist;
				IPHONEOS_DEPLOYMENT_TARGET = 14.0;
				LD_RUNPATH_SEARCH_PATHS = (
					"$(inherited)",
					"@executable_path/Frameworks",
				);
				PRODUCT_BUNDLE_IDENTIFIER = com.christianzagorski.ThereNoLogin;
				PRODUCT_NAME = "$(TARGET_NAME)";
				SWIFT_VERSION = 5.0;
				TARGETED_DEVICE_FAMILY = "1,2";
			};
			name = Debug;
		};
		948DE6C1261AB8AC00219982 /* Release */ = {
			isa = XCBuildConfiguration;
			buildSettings = {
				ASSETCATALOG_COMPILER_APPICON_NAME = AppIcon;
				ASSETCATALOG_COMPILER_GLOBAL_ACCENT_COLOR_NAME = AccentColor;
				CODE_SIGN_STYLE = Automatic;
				DEVELOPMENT_ASSET_PATHS = "\"ThereNoLogin/Preview Content\"";
				DEVELOPMENT_TEAM = B99U4L7HU8;
				ENABLE_PREVIEWS = YES;
				INFOPLIST_FILE = ThereNoLogin/Info.plist;
				IPHONEOS_DEPLOYMENT_TARGET = 14.0;
				LD_RUNPATH_SEARCH_PATHS = (
					"$(inherited)",
					"@executable_path/Frameworks",
				);
				PRODUCT_BUNDLE_IDENTIFIER = com.christianzagorski.ThereNoLogin;
				PRODUCT_NAME = "$(TARGET_NAME)";
				SWIFT_VERSION = 5.0;
				TARGETED_DEVICE_FAMILY = "1,2";
			};
			name = Release;
		};
		948DE6C3261AB8AC00219982 /* Debug */ = {
			isa = XCBuildConfiguration;
			buildSettings = {
				ALWAYS_EMBED_SWIFT_STANDARD_LIBRARIES = YES;
				BUNDLE_LOADER = "$(TEST_HOST)";
				CODE_SIGN_STYLE = Automatic;
				DEVELOPMENT_TEAM = B99U4L7HU8;
				INFOPLIST_FILE = ThereNoLoginTests/Info.plist;
				IPHONEOS_DEPLOYMENT_TARGET = 14.0;
				LD_RUNPATH_SEARCH_PATHS = (
					"$(inherited)",
					"@executable_path/Frameworks",
					"@loader_path/Frameworks",
				);
				PRODUCT_BUNDLE_IDENTIFIER = com.christianzagorski.ThereNoLoginTests;
				PRODUCT_NAME = "$(TARGET_NAME)";
				SWIFT_VERSION = 5.0;
				TARGETED_DEVICE_FAMILY = "1,2";
				TEST_HOST = "$(BUILT_PRODUCTS_DIR)/ThereNoLogin.app/ThereNoLogin";
			};
			name = Debug;
		};
		948DE6C4261AB8AC00219982 /* Release */ = {
			isa = XCBuildConfiguration;
			buildSettings = {
				ALWAYS_EMBED_SWIFT_STANDARD_LIBRARIES = YES;
				BUNDLE_LOADER = "$(TEST_HOST)";
				CODE_SIGN_STYLE = Automatic;
				DEVELOPMENT_TEAM = B99U4L7HU8;
				INFOPLIST_FILE = ThereNoLoginTests/Info.plist;
				IPHONEOS_DEPLOYMENT_TARGET = 14.0;
				LD_RUNPATH_SEARCH_PATHS = (
					"$(inherited)",
					"@executable_path/Frameworks",
					"@loader_path/Frameworks",
				);
				PRODUCT_BUNDLE_IDENTIFIER = com.christianzagorski.ThereNoLoginTests;
				PRODUCT_NAME = "$(TARGET_NAME)";
				SWIFT_VERSION = 5.0;
				TARGETED_DEVICE_FAMILY = "1,2";
				TEST_HOST = "$(BUILT_PRODUCTS_DIR)/ThereNoLogin.app/ThereNoLogin";
			};
			name = Release;
		};
		948DE6C6261AB8AC00219982 /* Debug */ = {
			isa = XCBuildConfiguration;
			buildSettings = {
				ALWAYS_EMBED_SWIFT_STANDARD_LIBRARIES = YES;
				CODE_SIGN_STYLE = Automatic;
				DEVELOPMENT_TEAM = B99U4L7HU8;
				INFOPLIST_FILE = ThereNoLoginUITests/Info.plist;
				LD_RUNPATH_SEARCH_PATHS = (
					"$(inherited)",
					"@executable_path/Frameworks",
					"@loader_path/Frameworks",
				);
				PRODUCT_BUNDLE_IDENTIFIER = com.christianzagorski.ThereNoLoginUITests;
				PRODUCT_NAME = "$(TARGET_NAME)";
				SWIFT_VERSION = 5.0;
				TARGETED_DEVICE_FAMILY = "1,2";
				TEST_TARGET_NAME = ThereNoLogin;
			};
			name = Debug;
		};
		948DE6C7261AB8AC00219982 /* Release */ = {
			isa = XCBuildConfiguration;
			buildSettings = {
				ALWAYS_EMBED_SWIFT_STANDARD_LIBRARIES = YES;
				CODE_SIGN_STYLE = Automatic;
				DEVELOPMENT_TEAM = B99U4L7HU8;
				INFOPLIST_FILE = ThereNoLoginUITests/Info.plist;
				LD_RUNPATH_SEARCH_PATHS = (
					"$(inherited)",
					"@executable_path/Frameworks",
					"@loader_path/Frameworks",
				);
				PRODUCT_BUNDLE_IDENTIFIER = com.christianzagorski.ThereNoLoginUITests;
				PRODUCT_NAME = "$(TARGET_NAME)";
				SWIFT_VERSION = 5.0;
				TARGETED_DEVICE_FAMILY = "1,2";
				TEST_TARGET_NAME = ThereNoLogin;
			};
			name = Release;
		};
/* End XCBuildConfiguration section */

/* Begin XCConfigurationList section */
		948DE695261AB8A300219982 /* Build configuration list for PBXProject "ThereNoLogin" */ = {
			isa = XCConfigurationList;
			buildConfigurations = (
				948DE6BD261AB8AC00219982 /* Debug */,
				948DE6BE261AB8AC00219982 /* Release */,
			);
			defaultConfigurationIsVisible = 0;
			defaultConfigurationName = Release;
		};
		948DE6BF261AB8AC00219982 /* Build configuration list for PBXNativeTarget "ThereNoLogin" */ = {
			isa = XCConfigurationList;
			buildConfigurations = (
				948DE6C0261AB8AC00219982 /* Debug */,
				948DE6C1261AB8AC00219982 /* Release */,
			);
			defaultConfigurationIsVisible = 0;
			defaultConfigurationName = Release;
		};
		948DE6C2261AB8AC00219982 /* Build configuration list for PBXNativeTarget "ThereNoLoginTests" */ = {
			isa = XCConfigurationList;
			buildConfigurations = (
				948DE6C3261AB8AC00219982 /* Debug */,
				948DE6C4261AB8AC00219982 /* Release */,
			);
			defaultConfigurationIsVisible = 0;
			defaultConfigurationName = Release;
		};
		948DE6C5261AB8AC00219982 /* Build configuration list for PBXNativeTarget "ThereNoLoginUITests" */ = {
			isa = XCConfigurationList;
			buildConfigurations = (
				948DE6C6261AB8AC00219982 /* Debug */,
				948DE6C7261AB8AC00219982 /* Release */,
			);
			defaultConfigurationIsVisible = 0;
			defaultConfigurationName = Release;
		};
/* End XCConfigurationList section */
	};
	rootObject = 948DE692261AB8A300219982 /* Project object */;
}
